
Microsoft Visual Studio Solution File, Format Version 12.00
# Visual Studio 15
VisualStudioVersion = 15.0.27004.2005
MinimumVisualStudioVersion = 10.0.40219.1
Project("{FAE04EC0-301F-11D3-BF4B-00C04F79EFBC}") = "Pacman-Challenge", "Pacman-Challenge\Pacman-Challenge.csproj", "{4BD29DDA-1412-47E9-8AC8-AB73DE113420}"
EndProject
Global
	GlobalSection(SolutionConfigurationPlatforms) = preSolution
		Debug|Any CPU = Debug|Any CPU
		Release|Any CPU = Release|Any CPU
	EndGlobalSection
	GlobalSection(ProjectConfigurationPlatforms) = postSolution
		{4BD29DDA-1412-47E9-8AC8-AB73DE113420}.Debug|Any CPU.ActiveCfg = Debug|Any CPU
		{4BD29DDA-1412-47E9-8AC8-AB73DE113420}.Debug|Any CPU.Build.0 = Debug|Any CPU
		{4BD29DDA-1412-47E9-8AC8-AB73DE113420}.Release|Any CPU.ActiveCfg = Release|Any CPU
		{4BD29DDA-1412-47E9-8AC8-AB73DE113420}.Release|Any CPU.Build.0 = Release|Any CPU
	EndGlobalSection
	GlobalSection(SolutionProperties) = preSolution
		HideSolutionNode = FALSE
	EndGlobalSection
	GlobalSection(ExtensibilityGlobals) = postSolution
		SolutionGuid = {AD1F1600-FB05-447D-8CD5-E98A296937DE}
	EndGlobalSection
EndGlobal
